Microsoft Visual Studio Solution File, Format Version 12.00
Project("{9A19103F-16F7-4668-BE54-9A1E7A4F7556}") = "TestNuGetUtils", "TestNuGetUtils.csproj", "{7587D9E6-015E-4AB1-9D21-D344687B22EA}"
EndProject
Project("{2150E333-8FDC-42A3-9474-1A3956D46DE8}") = "src", "src", "{E7462D0D-DA75-4BC7-B49D-F1EE19D141D6}"
EndProject
Global
	GlobalSection(SolutionConfigurationPlatforms) = preSolution
		Local|Any CPU = Local|Any CPU
		Debug|Any CPU = Debug|Any CPU
		Staging|Any CPU = Staging|Any CPU
		Release|Any CPU = Release|Any CPU
		Testing|Any CPU = Testing|Any CPU
	EndGlobalSection
	GlobalSection(ProjectConfigurationPlatforms) = postSolution
		{7587D9E6-015E-4AB1-9D21-D344687B22EA}.Local|Any CPU.ActiveCfg = Local|Any CPU
		{7587D9E6-015E-4AB1-9D21-D344687B22EA}.Local|Any CPU.Build.0 = Local|Any CPU
		{7587D9E6-015E-4AB1-9D21-D344687B22EA}.Debug|Any CPU.ActiveCfg = Debug|Any CPU
		{7587D9E6-015E-4AB1-9D21-D344687B22EA}.Debug|Any CPU.Build.0 = Debug|Any CPU
		{7587D9E6-015E-4AB1-9D21-D344687B22EA}.Staging|Any CPU.ActiveCfg = Staging|Any CPU
		{7587D9E6-015E-4AB1-9D21-D344687B22EA}.Staging|Any CPU.Build.0 = Staging|Any CPU
		{7587D9E6-015E-4AB1-9D21-D344687B22EA}.Release|Any CPU.ActiveCfg = Release|Any CPU
		{7587D9E6-015E-4AB1-9D21-D344687B22EA}.Release|Any CPU.Build.0 = Release|Any CPU
		{7587D9E6-015E-4AB1-9D21-D344687B22EA}.Testing|Any CPU.ActiveCfg = Testing|Any CPU
		{7587D9E6-015E-4AB1-9D21-D344687B22EA}.Testing|Any CPU.Build.0 = Testing|Any CPU
	EndGlobalSection
	GlobalSection(SolutionProperties) = preSolution
		HideSolutionNode = FALSE
	EndGlobalSection
	GlobalSection(NestedProjects) = preSolution
		{7587D9E6-015E-4AB1-9D21-D344687B22EA} = {E7462D0D-DA75-4BC7-B49D-F1EE19D141D6}
	EndGlobalSection
	GlobalSection(ExtensibilityGlobals) = postSolution
		SolutionGuid = {4B3E69A9-95F9-4A3F-99F8-6B6078DACD0F}
	EndGlobalSection
EndGlobal
