Microsoft Visual Studio Solution File, Format Version 12.00
Project("{9A19103F-16F7-4668-BE54-9A1E7A4F7556}") = "NuGetUtils", "NuGetUtils\NuGetUtils.csproj", "{D2AC5CDB-9A85-48D5-8D2D-D384D87E6179}"
EndProject
Project("{2150E333-8FDC-42A3-9474-1A3956D46DE8}") = "src", "src", "{8E0A392E-0D81-43DB-97EC-40C22158FA61}"
EndProject
Global
	GlobalSection(SolutionConfigurationPlatforms) = preSolution
		Local|Any CPU = Local|Any CPU
		Debug|Any CPU = Debug|Any CPU
		Staging|Any CPU = Staging|Any CPU
		Release|Any CPU = Release|Any CPU
		Testing|Any CPU = Testing|Any CPU
	EndGlobalSection
	GlobalSection(ProjectConfigurationPlatforms) = postSolution
		{D2AC5CDB-9A85-48D5-8D2D-D384D87E6179}.Local|Any CPU.ActiveCfg = Local|Any CPU
		{D2AC5CDB-9A85-48D5-8D2D-D384D87E6179}.Local|Any CPU.Build.0 = Local|Any CPU
		{D2AC5CDB-9A85-48D5-8D2D-D384D87E6179}.Debug|Any CPU.ActiveCfg = Debug|Any CPU
		{D2AC5CDB-9A85-48D5-8D2D-D384D87E6179}.Debug|Any CPU.Build.0 = Debug|Any CPU
		{D2AC5CDB-9A85-48D5-8D2D-D384D87E6179}.Staging|Any CPU.ActiveCfg = Staging|Any CPU
		{D2AC5CDB-9A85-48D5-8D2D-D384D87E6179}.Staging|Any CPU.Build.0 = Staging|Any CPU
		{D2AC5CDB-9A85-48D5-8D2D-D384D87E6179}.Release|Any CPU.ActiveCfg = Release|Any CPU
		{D2AC5CDB-9A85-48D5-8D2D-D384D87E6179}.Release|Any CPU.Build.0 = Release|Any CPU
		{D2AC5CDB-9A85-48D5-8D2D-D384D87E6179}.Testing|Any CPU.ActiveCfg = Testing|Any CPU
		{D2AC5CDB-9A85-48D5-8D2D-D384D87E6179}.Testing|Any CPU.Build.0 = Testing|Any CPU
	EndGlobalSection
	GlobalSection(SolutionProperties) = preSolution
		HideSolutionNode = FALSE
	EndGlobalSection
	GlobalSection(NestedProjects) = preSolution
		{D2AC5CDB-9A85-48D5-8D2D-D384D87E6179} = {8E0A392E-0D81-43DB-97EC-40C22158FA61}
	EndGlobalSection
	GlobalSection(ExtensibilityGlobals) = postSolution
		SolutionGuid = {70FDD7E9-15C6-4CFB-A186-374231D5439E}
	EndGlobalSection
EndGlobal
